
Microsoft Visual Studio Solution File, Format Version 12.00
# Visual Studio Version 17
VisualStudioVersion = 17.10.35122.118
MinimumVisualStudioVersion = 10.0.40219.1
Project("{FAE04EC0-301F-11D3-BF4B-00C04F79EFBC}") = "ZetaExt", "ZetaExt\ZetaExt.csproj", "{878CF1D9-16CE-4E58-A6E7-165D00C56D1F}"
EndProject
Project("{FAE04EC0-301F-11D3-BF4B-00C04F79EFBC}") = "Geometry", "Geometry\Geometry.csproj", "{3F08288E-2EBA-4E72-843D-7BF773D8F6CB}"
	ProjectSection(ProjectDependencies) = postProject
		{878CF1D9-16CE-4E58-A6E7-165D00C56D1F} = {878CF1D9-16CE-4E58-A6E7-165D00C56D1F}
	EndProjectSection
EndProject
Project("{FAE04EC0-301F-11D3-BF4B-00C04F79EFBC}") = "Shader", "Shader\Shader.csproj", "{3B2ECAA9-57BD-4B21-BFB8-B5DE46C80D4B}"
	ProjectSection(ProjectDependencies) = postProject
		{878CF1D9-16CE-4E58-A6E7-165D00C56D1F} = {878CF1D9-16CE-4E58-A6E7-165D00C56D1F}
	EndProjectSection
EndProject
Project("{FAE04EC0-301F-11D3-BF4B-00C04F79EFBC}") = "Model3d", "Model3d\Model3d.csproj", "{7A699D36-8869-4B18-A70F-2231A948D828}"
	ProjectSection(ProjectDependencies) = postProject
		{3F08288E-2EBA-4E72-843D-7BF773D8F6CB} = {3F08288E-2EBA-4E72-843D-7BF773D8F6CB}
	EndProjectSection
EndProject
Project("{FAE04EC0-301F-11D3-BF4B-00C04F79EFBC}") = "Camera3d", "Camera3d\Camera3d.csproj", "{F5477333-11C8-4E59-8084-1BC3C01DF3FE}"
	ProjectSection(ProjectDependencies) = postProject
		{3F08288E-2EBA-4E72-843D-7BF773D8F6CB} = {3F08288E-2EBA-4E72-843D-7BF773D8F6CB}
	EndProjectSection
EndProject
Project("{FAE04EC0-301F-11D3-BF4B-00C04F79EFBC}") = "Occlusion", "Occlusion\Occlusion.csproj", "{00582202-D29D-472E-AC4A-02152800B298}"
EndProject
Project("{FAE04EC0-301F-11D3-BF4B-00C04F79EFBC}") = "Fog", "Fog\Fog.csproj", "{2B542CAD-EFBF-4019-9B89-E0C7D5E09F09}"
EndProject
Project("{FAE04EC0-301F-11D3-BF4B-00C04F79EFBC}") = "Renderer", "Renderer\Renderer.csproj", "{E5F8184D-2B9B-4E0A-A11F-523394F67292}"
EndProject
Project("{FAE04EC0-301F-11D3-BF4B-00C04F79EFBC}") = "Sky", "Sky\Sky.csproj", "{6F3A2622-25BB-4854-8D31-CD2302F554A7}"
EndProject
Project("{FAE04EC0-301F-11D3-BF4B-00C04F79EFBC}") = "Terrain", "Terrain\Terrain.csproj", "{C7531007-5419-46D3-A5BC-0A6BA926D05C}"
EndProject
Project("{FAE04EC0-301F-11D3-BF4B-00C04F79EFBC}") = "Ui2d", "UIDesign2d\Ui2d.csproj", "{A3041DC7-72AF-4AB4-AAE1-1624A1549CC4}"
EndProject
Project("{FAE04EC0-301F-11D3-BF4B-00C04F79EFBC}") = "BSP", "BSP\BSP.csproj", "{9FE8744C-00C2-4A02-AC86-38489525B4C9}"
EndProject
Project("{FAE04EC0-301F-11D3-BF4B-00C04F79EFBC}") = "Animate", "Animate\Animate.csproj", "{C1793684-1BDD-4A67-99E5-5DBEA6B321F5}"
EndProject
Project("{FAE04EC0-301F-11D3-BF4B-00C04F79EFBC}") = "Physics", "Physics\Physics.csproj", "{6D0F991F-3725-48D3-8C4E-CBAC93B4F03F}"
EndProject
Project("{FAE04EC0-301F-11D3-BF4B-00C04F79EFBC}") = "Cloud", "Cloud\Cloud.csproj", "{F9979599-8257-4157-9A45-5CE6DFB9B0E8}"
EndProject
Project("{FAE04EC0-301F-11D3-BF4B-00C04F79EFBC}") = "FormTools", "FormTools\FormTools.csproj", "{935EAF29-C765-42A7-9679-2C99EF36A4C7}"
EndProject
Project("{FAE04EC0-301F-11D3-BF4B-00C04F79EFBC}") = "glWindow", "GlWindow\glWindow.csproj", "{03F9AF52-780F-4991-9AAD-4127BA96AB72}"
EndProject
Project("{FAE04EC0-301F-11D3-BF4B-00C04F79EFBC}") = "ExtractIncludeGLSL", "ExtractIncludeGLSL\ExtractIncludeGLSL.csproj", "{B36E2EF2-A85E-4F09-BBB4-A7FB56A20E9E}"
EndProject
Project("{FAE04EC0-301F-11D3-BF4B-00C04F79EFBC}") = "Common", "Common\Common.csproj", "{A88A06C4-C819-47A1-828F-DB054C066BEE}"
EndProject
Project("{FAE04EC0-301F-11D3-BF4B-00C04F79EFBC}") = "GlWin", "GlWin\GlWin.csproj", "{1AB0B7EA-3A6A-4932-970D-10317F45C67C}"
EndProject
Project("{FAE04EC0-301F-11D3-BF4B-00C04F79EFBC}") = "GameEngine", "GameEngine\GameEngine.csproj", "{9A835607-033B-45CE-9A29-26D724148BD5}"
EndProject
Project("{FAE04EC0-301F-11D3-BF4B-00C04F79EFBC}") = "Lights", "Light\Lights.csproj", "{99EAE591-F4E4-436B-98E1-81800D38A3E2}"
EndProject
Project("{FAE04EC0-301F-11D3-BF4B-00C04F79EFBC}") = "AutoGenEnums", "ActionEnums\AutoGenEnums.csproj", "{C6D58F37-538E-4C7B-BDEC-D2F41912B406}"
EndProject
Project("{FAE04EC0-301F-11D3-BF4B-00C04F79EFBC}") = "Ui3d", "Ui3d\Ui3d.csproj", "{3D387E27-92DF-4512-A216-FBF32FF610EA}"
EndProject
Global
	GlobalSection(SolutionConfigurationPlatforms) = preSolution
		Debug|Any CPU = Debug|Any CPU
		Release|Any CPU = Release|Any CPU
	EndGlobalSection
	GlobalSection(ProjectConfigurationPlatforms) = postSolution
		{878CF1D9-16CE-4E58-A6E7-165D00C56D1F}.Debug|Any CPU.ActiveCfg = Debug|Any CPU
		{878CF1D9-16CE-4E58-A6E7-165D00C56D1F}.Debug|Any CPU.Build.0 = Debug|Any CPU
		{878CF1D9-16CE-4E58-A6E7-165D00C56D1F}.Release|Any CPU.ActiveCfg = Release|Any CPU
		{878CF1D9-16CE-4E58-A6E7-165D00C56D1F}.Release|Any CPU.Build.0 = Release|Any CPU
		{3F08288E-2EBA-4E72-843D-7BF773D8F6CB}.Debug|Any CPU.ActiveCfg = Debug|Any CPU
		{3F08288E-2EBA-4E72-843D-7BF773D8F6CB}.Debug|Any CPU.Build.0 = Debug|Any CPU
		{3F08288E-2EBA-4E72-843D-7BF773D8F6CB}.Release|Any CPU.ActiveCfg = Release|Any CPU
		{3F08288E-2EBA-4E72-843D-7BF773D8F6CB}.Release|Any CPU.Build.0 = Release|Any CPU
		{3B2ECAA9-57BD-4B21-BFB8-B5DE46C80D4B}.Debug|Any CPU.ActiveCfg = Debug|Any CPU
		{3B2ECAA9-57BD-4B21-BFB8-B5DE46C80D4B}.Debug|Any CPU.Build.0 = Debug|Any CPU
		{3B2ECAA9-57BD-4B21-BFB8-B5DE46C80D4B}.Release|Any CPU.ActiveCfg = Release|Any CPU
		{3B2ECAA9-57BD-4B21-BFB8-B5DE46C80D4B}.Release|Any CPU.Build.0 = Release|Any CPU
		{7A699D36-8869-4B18-A70F-2231A948D828}.Debug|Any CPU.ActiveCfg = Debug|Any CPU
		{7A699D36-8869-4B18-A70F-2231A948D828}.Debug|Any CPU.Build.0 = Debug|Any CPU
		{7A699D36-8869-4B18-A70F-2231A948D828}.Release|Any CPU.ActiveCfg = Release|Any CPU
		{7A699D36-8869-4B18-A70F-2231A948D828}.Release|Any CPU.Build.0 = Release|Any CPU
		{F5477333-11C8-4E59-8084-1BC3C01DF3FE}.Debug|Any CPU.ActiveCfg = Debug|Any CPU
		{F5477333-11C8-4E59-8084-1BC3C01DF3FE}.Debug|Any CPU.Build.0 = Debug|Any CPU
		{F5477333-11C8-4E59-8084-1BC3C01DF3FE}.Release|Any CPU.ActiveCfg = Release|Any CPU
		{F5477333-11C8-4E59-8084-1BC3C01DF3FE}.Release|Any CPU.Build.0 = Release|Any CPU
		{00582202-D29D-472E-AC4A-02152800B298}.Debug|Any CPU.ActiveCfg = Debug|Any CPU
		{00582202-D29D-472E-AC4A-02152800B298}.Debug|Any CPU.Build.0 = Debug|Any CPU
		{00582202-D29D-472E-AC4A-02152800B298}.Release|Any CPU.ActiveCfg = Release|Any CPU
		{00582202-D29D-472E-AC4A-02152800B298}.Release|Any CPU.Build.0 = Release|Any CPU
		{2B542CAD-EFBF-4019-9B89-E0C7D5E09F09}.Debug|Any CPU.ActiveCfg = Debug|Any CPU
		{2B542CAD-EFBF-4019-9B89-E0C7D5E09F09}.Debug|Any CPU.Build.0 = Debug|Any CPU
		{2B542CAD-EFBF-4019-9B89-E0C7D5E09F09}.Release|Any CPU.ActiveCfg = Release|Any CPU
		{2B542CAD-EFBF-4019-9B89-E0C7D5E09F09}.Release|Any CPU.Build.0 = Release|Any CPU
		{E5F8184D-2B9B-4E0A-A11F-523394F67292}.Debug|Any CPU.ActiveCfg = Debug|Any CPU
		{E5F8184D-2B9B-4E0A-A11F-523394F67292}.Debug|Any CPU.Build.0 = Debug|Any CPU
		{E5F8184D-2B9B-4E0A-A11F-523394F67292}.Release|Any CPU.ActiveCfg = Release|Any CPU
		{E5F8184D-2B9B-4E0A-A11F-523394F67292}.Release|Any CPU.Build.0 = Release|Any CPU
		{6F3A2622-25BB-4854-8D31-CD2302F554A7}.Debug|Any CPU.ActiveCfg = Debug|Any CPU
		{6F3A2622-25BB-4854-8D31-CD2302F554A7}.Debug|Any CPU.Build.0 = Debug|Any CPU
		{6F3A2622-25BB-4854-8D31-CD2302F554A7}.Release|Any CPU.ActiveCfg = Release|Any CPU
		{6F3A2622-25BB-4854-8D31-CD2302F554A7}.Release|Any CPU.Build.0 = Release|Any CPU
		{C7531007-5419-46D3-A5BC-0A6BA926D05C}.Debug|Any CPU.ActiveCfg = Debug|Any CPU
		{C7531007-5419-46D3-A5BC-0A6BA926D05C}.Debug|Any CPU.Build.0 = Debug|Any CPU
		{C7531007-5419-46D3-A5BC-0A6BA926D05C}.Release|Any CPU.ActiveCfg = Release|Any CPU
		{C7531007-5419-46D3-A5BC-0A6BA926D05C}.Release|Any CPU.Build.0 = Release|Any CPU
		{A3041DC7-72AF-4AB4-AAE1-1624A1549CC4}.Debug|Any CPU.ActiveCfg = Debug|Any CPU
		{A3041DC7-72AF-4AB4-AAE1-1624A1549CC4}.Debug|Any CPU.Build.0 = Debug|Any CPU
		{A3041DC7-72AF-4AB4-AAE1-1624A1549CC4}.Release|Any CPU.ActiveCfg = Release|Any CPU
		{A3041DC7-72AF-4AB4-AAE1-1624A1549CC4}.Release|Any CPU.Build.0 = Release|Any CPU
		{9FE8744C-00C2-4A02-AC86-38489525B4C9}.Debug|Any CPU.ActiveCfg = Debug|Any CPU
		{9FE8744C-00C2-4A02-AC86-38489525B4C9}.Debug|Any CPU.Build.0 = Debug|Any CPU
		{9FE8744C-00C2-4A02-AC86-38489525B4C9}.Release|Any CPU.ActiveCfg = Release|Any CPU
		{9FE8744C-00C2-4A02-AC86-38489525B4C9}.Release|Any CPU.Build.0 = Release|Any CPU
		{C1793684-1BDD-4A67-99E5-5DBEA6B321F5}.Debug|Any CPU.ActiveCfg = Debug|Any CPU
		{C1793684-1BDD-4A67-99E5-5DBEA6B321F5}.Debug|Any CPU.Build.0 = Debug|Any CPU
		{C1793684-1BDD-4A67-99E5-5DBEA6B321F5}.Release|Any CPU.ActiveCfg = Release|Any CPU
		{C1793684-1BDD-4A67-99E5-5DBEA6B321F5}.Release|Any CPU.Build.0 = Release|Any CPU
		{6D0F991F-3725-48D3-8C4E-CBAC93B4F03F}.Debug|Any CPU.ActiveCfg = Debug|Any CPU
		{6D0F991F-3725-48D3-8C4E-CBAC93B4F03F}.Debug|Any CPU.Build.0 = Debug|Any CPU
		{6D0F991F-3725-48D3-8C4E-CBAC93B4F03F}.Release|Any CPU.ActiveCfg = Release|Any CPU
		{6D0F991F-3725-48D3-8C4E-CBAC93B4F03F}.Release|Any CPU.Build.0 = Release|Any CPU
		{F9979599-8257-4157-9A45-5CE6DFB9B0E8}.Debug|Any CPU.ActiveCfg = Debug|Any CPU
		{F9979599-8257-4157-9A45-5CE6DFB9B0E8}.Debug|Any CPU.Build.0 = Debug|Any CPU
		{F9979599-8257-4157-9A45-5CE6DFB9B0E8}.Release|Any CPU.ActiveCfg = Release|Any CPU
		{F9979599-8257-4157-9A45-5CE6DFB9B0E8}.Release|Any CPU.Build.0 = Release|Any CPU
		{935EAF29-C765-42A7-9679-2C99EF36A4C7}.Debug|Any CPU.ActiveCfg = Debug|Any CPU
		{935EAF29-C765-42A7-9679-2C99EF36A4C7}.Debug|Any CPU.Build.0 = Debug|Any CPU
		{935EAF29-C765-42A7-9679-2C99EF36A4C7}.Release|Any CPU.ActiveCfg = Release|Any CPU
		{935EAF29-C765-42A7-9679-2C99EF36A4C7}.Release|Any CPU.Build.0 = Release|Any CPU
		{03F9AF52-780F-4991-9AAD-4127BA96AB72}.Debug|Any CPU.ActiveCfg = Debug|Any CPU
		{03F9AF52-780F-4991-9AAD-4127BA96AB72}.Debug|Any CPU.Build.0 = Debug|Any CPU
		{03F9AF52-780F-4991-9AAD-4127BA96AB72}.Release|Any CPU.ActiveCfg = Release|Any CPU
		{03F9AF52-780F-4991-9AAD-4127BA96AB72}.Release|Any CPU.Build.0 = Release|Any CPU
		{B36E2EF2-A85E-4F09-BBB4-A7FB56A20E9E}.Debug|Any CPU.ActiveCfg = Debug|Any CPU
		{B36E2EF2-A85E-4F09-BBB4-A7FB56A20E9E}.Debug|Any CPU.Build.0 = Debug|Any CPU
		{B36E2EF2-A85E-4F09-BBB4-A7FB56A20E9E}.Release|Any CPU.ActiveCfg = Release|Any CPU
		{B36E2EF2-A85E-4F09-BBB4-A7FB56A20E9E}.Release|Any CPU.Build.0 = Release|Any CPU
		{A88A06C4-C819-47A1-828F-DB054C066BEE}.Debug|Any CPU.ActiveCfg = Debug|Any CPU
		{A88A06C4-C819-47A1-828F-DB054C066BEE}.Debug|Any CPU.Build.0 = Debug|Any CPU
		{A88A06C4-C819-47A1-828F-DB054C066BEE}.Release|Any CPU.ActiveCfg = Release|Any CPU
		{A88A06C4-C819-47A1-828F-DB054C066BEE}.Release|Any CPU.Build.0 = Release|Any CPU
		{1AB0B7EA-3A6A-4932-970D-10317F45C67C}.Debug|Any CPU.ActiveCfg = Debug|Any CPU
		{1AB0B7EA-3A6A-4932-970D-10317F45C67C}.Debug|Any CPU.Build.0 = Debug|Any CPU
		{1AB0B7EA-3A6A-4932-970D-10317F45C67C}.Release|Any CPU.ActiveCfg = Release|Any CPU
		{1AB0B7EA-3A6A-4932-970D-10317F45C67C}.Release|Any CPU.Build.0 = Release|Any CPU
		{9A835607-033B-45CE-9A29-26D724148BD5}.Debug|Any CPU.ActiveCfg = Debug|Any CPU
		{9A835607-033B-45CE-9A29-26D724148BD5}.Debug|Any CPU.Build.0 = Debug|Any CPU
		{9A835607-033B-45CE-9A29-26D724148BD5}.Release|Any CPU.ActiveCfg = Release|Any CPU
		{9A835607-033B-45CE-9A29-26D724148BD5}.Release|Any CPU.Build.0 = Release|Any CPU
		{99EAE591-F4E4-436B-98E1-81800D38A3E2}.Debug|Any CPU.ActiveCfg = Debug|Any CPU
		{99EAE591-F4E4-436B-98E1-81800D38A3E2}.Debug|Any CPU.Build.0 = Debug|Any CPU
		{99EAE591-F4E4-436B-98E1-81800D38A3E2}.Release|Any CPU.ActiveCfg = Release|Any CPU
		{99EAE591-F4E4-436B-98E1-81800D38A3E2}.Release|Any CPU.Build.0 = Release|Any CPU
		{C6D58F37-538E-4C7B-BDEC-D2F41912B406}.Debug|Any CPU.ActiveCfg = Debug|Any CPU
		{C6D58F37-538E-4C7B-BDEC-D2F41912B406}.Debug|Any CPU.Build.0 = Debug|Any CPU
		{C6D58F37-538E-4C7B-BDEC-D2F41912B406}.Release|Any CPU.ActiveCfg = Release|Any CPU
		{C6D58F37-538E-4C7B-BDEC-D2F41912B406}.Release|Any CPU.Build.0 = Release|Any CPU
		{3D387E27-92DF-4512-A216-FBF32FF610EA}.Debug|Any CPU.ActiveCfg = Debug|Any CPU
		{3D387E27-92DF-4512-A216-FBF32FF610EA}.Debug|Any CPU.Build.0 = Debug|Any CPU
		{3D387E27-92DF-4512-A216-FBF32FF610EA}.Release|Any CPU.ActiveCfg = Release|Any CPU
		{3D387E27-92DF-4512-A216-FBF32FF610EA}.Release|Any CPU.Build.0 = Release|Any CPU
	EndGlobalSection
	GlobalSection(SolutionProperties) = preSolution
		HideSolutionNode = FALSE
	EndGlobalSection
	GlobalSection(ExtensibilityGlobals) = postSolution
		SolutionGuid = {518B9B54-F49C-4C37-A2D0-7DFA2189DC79}
	EndGlobalSection
EndGlobal
